{
  "originHash" : "3274226c2eab51c57a1d6a39295c36da1427d7da91538797768e22428f7d4c54",
  "pins" : [
    {
      "identity" : "atomos",
      "kind" : "remoteSourceControl",
      "location" : "https://github.com/leviouwendijk/Atomos.git",
      "state" : {
        "branch" : "master",
        "revision" : "5ffdb160c4913e02214020eb75ac620900cf2914"
      }
    },
    {
      "identity" : "fuzzy",
      "kind" : "remoteSourceControl",
      "location" : "https://github.com/leviouwendijk/Fuzzy.git",
      "state" : {
        "branch" : "master",
        "revision" : "1e85de71c36f7414511320584ea7373af4334019"
      }
    },
    {
      "identity" : "matching",
      "kind" : "remoteSourceControl",
      "location" : "https://github.com/leviouwendijk/Matching.git",
      "state" : {
        "branch" : "master",
        "revision" : "5ac7de66e96468fb00a5fb5748fd85101a009968"
      }
    },
    {
      "identity" : "parsing",
      "kind" : "remoteSourceControl",
      "location" : "https://github.com/leviouwendijk/Parsing.git",
      "state" : {
        "branch" : "master",
        "revision" : "d589ad5d5be7c96756d2f961768674495d5194f8"
      }
    },
    {
      "identity" : "position",
      "kind" : "remoteSourceControl",
      "location" : "https://github.com/leviouwendijk/Position.git",
      "state" : {
        "branch" : "master",
        "revision" : "f4b2a54d00898e52111ac452b851cb00cf9538aa"
      }
    },
    {
      "identity" : "ranking",
      "kind" : "remoteSourceControl",
      "location" : "https://github.com/leviouwendijk/Ranking.git",
      "state" : {
        "branch" : "master",
        "revision" : "2ef45291376aa3b4e868d963acde506891be4769"
      }
    },
    {
      "identity" : "testing",
      "kind" : "remoteSourceControl",
      "location" : "https://github.com/leviouwendijk/Testing.git",
      "state" : {
        "branch" : "master",
        "revision" : "105eecb68c3db99119dff3afeb846b7923abbc85"
      }
    },
    {
      "identity" : "tokens",
      "kind" : "remoteSourceControl",
      "location" : "https://github.com/leviouwendijk/Tokens.git",
      "state" : {
        "branch" : "master",
        "revision" : "4e6c16afcaa81606fa7b2dcd80f9a25965403687"
      }
    }
  ],
  "version" : 3
}
