{
  "originHash" : "914fb13b026061bc41fccf947b7a42148e30ff675ed13a778a99a444d24ac549",
  "pins" : [
    {
      "identity" : "ansi",
      "kind" : "remoteSourceControl",
      "location" : "https://github.com/leviouwendijk/ANSI.git",
      "state" : {
        "branch" : "master",
        "revision" : "073d9ca7870b688a312608acf14eae6ba052c0d6"
      }
    },
    {
      "identity" : "difference",
      "kind" : "remoteSourceControl",
      "location" : "https://github.com/leviouwendijk/Difference.git",
      "state" : {
        "branch" : "master",
        "revision" : "ca0f33316fcf56ace04f1f5a1bb178667a291abc"
      }
    },
    {
      "identity" : "fuzzy",
      "kind" : "remoteSourceControl",
      "location" : "https://github.com/leviouwendijk/Fuzzy.git",
      "state" : {
        "branch" : "master",
        "revision" : "99b7d295446f9574161daa9bba60a0815df9b2ec"
      }
    },
    {
      "identity" : "matching",
      "kind" : "remoteSourceControl",
      "location" : "https://github.com/leviouwendijk/Matching.git",
      "state" : {
        "branch" : "master",
        "revision" : "c18f9be3f8c8e05ca0645bb3de0ed1dad807a3a1"
      }
    },
    {
      "identity" : "parsing",
      "kind" : "remoteSourceControl",
      "location" : "https://github.com/leviouwendijk/Parsing.git",
      "state" : {
        "branch" : "master",
        "revision" : "8cd4b7bdc25d590d65b803a4f3e07e4fe3756664"
      }
    },
    {
      "identity" : "position",
      "kind" : "remoteSourceControl",
      "location" : "https://github.com/leviouwendijk/Position.git",
      "state" : {
        "branch" : "master",
        "revision" : "c80214283130c1bd4fc1c54dd5f3c574e3e4986c"
      }
    },
    {
      "identity" : "primitives",
      "kind" : "remoteSourceControl",
      "location" : "https://github.com/leviouwendijk/Primitives.git",
      "state" : {
        "branch" : "master",
        "revision" : "7992ebc66ba098758e574befc1b869978b38e82c"
      }
    },
    {
      "identity" : "ranking",
      "kind" : "remoteSourceControl",
      "location" : "https://github.com/leviouwendijk/Ranking.git",
      "state" : {
        "branch" : "master",
        "revision" : "5180cfb8c8e0ff6ec6224b3430507cccd83995a4"
      }
    },
    {
      "identity" : "strings",
      "kind" : "remoteSourceControl",
      "location" : "https://github.com/leviouwendijk/Strings",
      "state" : {
        "branch" : "master",
        "revision" : "86a939d7bbb3e25808f88fbcedcee4069a5a5ae1"
      }
    },
    {
      "identity" : "terminal",
      "kind" : "remoteSourceControl",
      "location" : "https://github.com/leviouwendijk/Terminal.git",
      "state" : {
        "branch" : "master",
        "revision" : "3424fe9a5a13942d9961adbc0dcb44925bce75b7"
      }
    },
    {
      "identity" : "testflows",
      "kind" : "remoteSourceControl",
      "location" : "https://github.com/leviouwendijk/TestFlows.git",
      "state" : {
        "branch" : "master",
        "revision" : "ef72deb44f924372959189d0c258c5cf7e2ba8ae"
      }
    },
    {
      "identity" : "tokens",
      "kind" : "remoteSourceControl",
      "location" : "https://github.com/leviouwendijk/Tokens.git",
      "state" : {
        "branch" : "master",
        "revision" : "4e6c16afcaa81606fa7b2dcd80f9a25965403687"
      }
    }
  ],
  "version" : 3
}
